
Microsoft Visual Studio Solution File, Format Version 12.00
# Visual Studio Version 17
VisualStudioVersion = 17.11.35208.52
MinimumVisualStudioVersion = 10.0.40219.1
Project("{9A19103F-16F7-4668-BE54-9A1E7A4F7556}") = "JobApplicationService.Infrastructure", "JobApplicationService.Infrastructure\JobApplicationService.Infrastructure.csproj", "{E60D0C8E-4077-4EDA-8CAB-310FFEFEF5CB}"
EndProject
Project("{9A19103F-16F7-4668-BE54-9A1E7A4F7556}") = "JobApplicationService.Core", "JobApplicationService.Core\JobApplicationService.Core.csproj", "{550DF65A-EE19-428F-A00E-BD84D144A2FB}"
EndProject
Project("{9A19103F-16F7-4668-BE54-9A1E7A4F7556}") = "JobApplicationService.API", "JobApplicationService.API\JobApplicationService.API.csproj", "{EC132432-932E-401B-B96D-8099C7148779}"
EndProject
Project("{9A19103F-16F7-4668-BE54-9A1E7A4F7556}") = "JobApplicationService.Tests", "JobApplicationService.Tests\JobApplicationService.Tests.csproj", "{C20C8601-6461-489C-B540-070ECB89FEB8}"
EndProject
Project("{FAE04EC0-301F-11D3-BF4B-00C04F79EFBC}") = "JobApplicationService.IntegrationTests", "JobApplicationService.IntegrationTests\JobApplicationService.IntegrationTests.csproj", "{5BBF836E-30AC-46E1-AE66-FE996BABF569}"
EndProject
Global
	GlobalSection(SolutionConfigurationPlatforms) = preSolution
		Debug|Any CPU = Debug|Any CPU
		Release|Any CPU = Release|Any CPU
	EndGlobalSection
	GlobalSection(ProjectConfigurationPlatforms) = postSolution
		{E60D0C8E-4077-4EDA-8CAB-310FFEFEF5CB}.Debug|Any CPU.ActiveCfg = Debug|Any CPU
		{E60D0C8E-4077-4EDA-8CAB-310FFEFEF5CB}.Debug|Any CPU.Build.0 = Debug|Any CPU
		{E60D0C8E-4077-4EDA-8CAB-310FFEFEF5CB}.Release|Any CPU.ActiveCfg = Release|Any CPU
		{E60D0C8E-4077-4EDA-8CAB-310FFEFEF5CB}.Release|Any CPU.Build.0 = Release|Any CPU
		{550DF65A-EE19-428F-A00E-BD84D144A2FB}.Debug|Any CPU.ActiveCfg = Debug|Any CPU
		{550DF65A-EE19-428F-A00E-BD84D144A2FB}.Debug|Any CPU.Build.0 = Debug|Any CPU
		{550DF65A-EE19-428F-A00E-BD84D144A2FB}.Release|Any CPU.ActiveCfg = Release|Any CPU
		{550DF65A-EE19-428F-A00E-BD84D144A2FB}.Release|Any CPU.Build.0 = Release|Any CPU
		{EC132432-932E-401B-B96D-8099C7148779}.Debug|Any CPU.ActiveCfg = Debug|Any CPU
		{EC132432-932E-401B-B96D-8099C7148779}.Debug|Any CPU.Build.0 = Debug|Any CPU
		{EC132432-932E-401B-B96D-8099C7148779}.Release|Any CPU.ActiveCfg = Release|Any CPU
		{EC132432-932E-401B-B96D-8099C7148779}.Release|Any CPU.Build.0 = Release|Any CPU
		{C20C8601-6461-489C-B540-070ECB89FEB8}.Debug|Any CPU.ActiveCfg = Debug|Any CPU
		{C20C8601-6461-489C-B540-070ECB89FEB8}.Debug|Any CPU.Build.0 = Debug|Any CPU
		{C20C8601-6461-489C-B540-070ECB89FEB8}.Release|Any CPU.ActiveCfg = Release|Any CPU
		{C20C8601-6461-489C-B540-070ECB89FEB8}.Release|Any CPU.Build.0 = Release|Any CPU
		{5BBF836E-30AC-46E1-AE66-FE996BABF569}.Debug|Any CPU.ActiveCfg = Debug|Any CPU
		{5BBF836E-30AC-46E1-AE66-FE996BABF569}.Debug|Any CPU.Build.0 = Debug|Any CPU
		{5BBF836E-30AC-46E1-AE66-FE996BABF569}.Release|Any CPU.ActiveCfg = Release|Any CPU
		{5BBF836E-30AC-46E1-AE66-FE996BABF569}.Release|Any CPU.Build.0 = Release|Any CPU
	EndGlobalSection
	GlobalSection(SolutionProperties) = preSolution
		HideSolutionNode = FALSE
	EndGlobalSection
	GlobalSection(ExtensibilityGlobals) = postSolution
		SolutionGuid = {A3CDA522-836F-4BB0-8589-4CD1FF1F3D40}
	EndGlobalSection
EndGlobal
